{
  "name": "JavaScript Course",
  "lockfileVersion": 2,
  "requires": true,
  "packages": {
    "": {
      "devDependencies": {
        "@types/lodash-es": "^4.17.6"
      }
    },
    "node_modules/@types/lodash": {
      "version": "4.14.191",
      "resolved": "https://registry.npmjs.org/@types/lodash/-/lodash-4.14.191.tgz",
      "integrity": "sha512-BdZ5BCCvho3EIXw6wUCXHe7rS53AIDPLE+JzwgT+OsJk53oBfbSmZZ7CX4VaRoN78N+TJpFi9QPlfIVNmJYWxQ==",
      "dev": true
    },
    "node_modules/@types/lodash-es": {
      "version": "4.17.6",
      "resolved": "https://registry.npmjs.org/@types/lodash-es/-/lodash-es-4.17.6.tgz",
      "integrity": "sha512-R+zTeVUKDdfoRxpAryaQNRKk3105Rrgx2CFRClIgRGaqDTdjsm8h6IYA8ir584W3ePzkZfst5xIgDwYrlh9HLg==",
      "dev": true,
      "dependencies": {
        "@types/lodash": "*"
      }
    }
  },
  "dependencies": {
    "@types/lodash": {
      "version": "4.14.191",
      "resolved": "https://registry.npmjs.org/@types/lodash/-/lodash-4.14.191.tgz",
      "integrity": "sha512-BdZ5BCCvho3EIXw6wUCXHe7rS53AIDPLE+JzwgT+OsJk53oBfbSmZZ7CX4VaRoN78N+TJpFi9QPlfIVNmJYWxQ==",
      "dev": true
    },
    "@types/lodash-es": {
      "version": "4.17.6",
      "resolved": "https://registry.npmjs.org/@types/lodash-es/-/lodash-es-4.17.6.tgz",
      "integrity": "sha512-R+zTeVUKDdfoRxpAryaQNRKk3105Rrgx2CFRClIgRGaqDTdjsm8h6IYA8ir584W3ePzkZfst5xIgDwYrlh9HLg==",
      "dev": true,
      "requires": {
        "@types/lodash": "*"
      }
    }
  }
}
